<Solution>
  <Project Path="src/ContreJour/ContreJour.csproj" />
  <Project Path="src/ContreJour.Desktop/ContreJour.Desktop.csproj" />
  <Folder Name="/Engine/">
    <Project Path="src/FarseerPhysics/FarseerPhysics.csproj" />
    <Project Path="src/Mokus2D.Common/Mokus2D.Common.csproj" />
    <Project Path="src/Mokus2D/Mokus2D.csproj" />
    <Project Path="src/Mokus2D.Integration.Farseer/Mokus2D.Integration.Farseer.csproj" />
  </Folder>
  <Folder Name="/Tests/">
    <Project Path="src/ContreJour.Regression/ContreJour.Regression.csproj" />
  </Folder>
</Solution>
